
Microsoft Visual Studio Solution File, Format Version 12.00
# Visual Studio 2015
Project("{FAE04EC0-301F-11D3-BF4B-00C04F79EFBC}") = "emporium.Plugins", "emporium.Plugins.csproj", "{18510B41-71D4-B4BD-D2F0-5E9774C3B56A}"
EndProject
Project("{FAE04EC0-301F-11D3-BF4B-00C04F79EFBC}") = "emporium", "emporium.csproj", "{D2D2719E-44E7-DC0A-B5AC-8188A4966A34}"
EndProject
Project("{FAE04EC0-301F-11D3-BF4B-00C04F79EFBC}") = "emporium.Editor.Plugins", "emporium.Editor.Plugins.csproj", "{49E726BE-25A1-3D44-8133-32519C325330}"
EndProject
Global
	GlobalSection(SolutionConfigurationPlatforms) = preSolution
		Debug|Any CPU = Debug|Any CPU
		Release|Any CPU = Release|Any CPU
	EndGlobalSection
	GlobalSection(ProjectConfigurationPlatforms) = postSolution
		{18510B41-71D4-B4BD-D2F0-5E9774C3B56A}.Debug|Any CPU.ActiveCfg = Debug|Any CPU
		{18510B41-71D4-B4BD-D2F0-5E9774C3B56A}.Debug|Any CPU.Build.0 = Debug|Any CPU
		{18510B41-71D4-B4BD-D2F0-5E9774C3B56A}.Release|Any CPU.ActiveCfg = Release|Any CPU
		{18510B41-71D4-B4BD-D2F0-5E9774C3B56A}.Release|Any CPU.Build.0 = Release|Any CPU
		{D2D2719E-44E7-DC0A-B5AC-8188A4966A34}.Debug|Any CPU.ActiveCfg = Debug|Any CPU
		{D2D2719E-44E7-DC0A-B5AC-8188A4966A34}.Debug|Any CPU.Build.0 = Debug|Any CPU
		{D2D2719E-44E7-DC0A-B5AC-8188A4966A34}.Release|Any CPU.ActiveCfg = Release|Any CPU
		{D2D2719E-44E7-DC0A-B5AC-8188A4966A34}.Release|Any CPU.Build.0 = Release|Any CPU
		{49E726BE-25A1-3D44-8133-32519C325330}.Debug|Any CPU.ActiveCfg = Debug|Any CPU
		{49E726BE-25A1-3D44-8133-32519C325330}.Debug|Any CPU.Build.0 = Debug|Any CPU
		{49E726BE-25A1-3D44-8133-32519C325330}.Release|Any CPU.ActiveCfg = Release|Any CPU
		{49E726BE-25A1-3D44-8133-32519C325330}.Release|Any CPU.Build.0 = Release|Any CPU
	EndGlobalSection
	GlobalSection(SolutionProperties) = preSolution
		HideSolutionNode = FALSE
	EndGlobalSection
EndGlobal
