
Microsoft Visual Studio Solution File, Format Version 12.00
# Visual Studio 2015
Project("{FAE04EC0-301F-11D3-BF4B-00C04F79EFBC}") = "ManagEnd.CSharp.Plugins", "ManagEnd.CSharp.Plugins.csproj", "{7C05413D-280E-834B-2506-E080FC533AFF}"
EndProject
Project("{FAE04EC0-301F-11D3-BF4B-00C04F79EFBC}") = "ManagEnd.CSharp", "ManagEnd.CSharp.csproj", "{FD0A87CD-738C-4C79-0A6B-D0BE7197D1BB}"
EndProject
Project("{FAE04EC0-301F-11D3-BF4B-00C04F79EFBC}") = "ManagEnd.CSharp.Editor.Plugins", "ManagEnd.CSharp.Editor.Plugins.csproj", "{24F866CF-A08D-BDB3-5314-EA8D7CDEFDCA}"
EndProject
Project("{FAE04EC0-301F-11D3-BF4B-00C04F79EFBC}") = "ManagEnd.CSharp.Editor", "ManagEnd.CSharp.Editor.csproj", "{9B445E77-3705-4448-0A52-59C211FB0C1F}"
EndProject
Global
	GlobalSection(SolutionConfigurationPlatforms) = preSolution
		Debug|Any CPU = Debug|Any CPU
		Release|Any CPU = Release|Any CPU
	EndGlobalSection
	GlobalSection(ProjectConfigurationPlatforms) = postSolution
		{7C05413D-280E-834B-2506-E080FC533AFF}.Debug|Any CPU.ActiveCfg = Debug|Any CPU
		{7C05413D-280E-834B-2506-E080FC533AFF}.Debug|Any CPU.Build.0 = Debug|Any CPU
		{7C05413D-280E-834B-2506-E080FC533AFF}.Release|Any CPU.ActiveCfg = Release|Any CPU
		{7C05413D-280E-834B-2506-E080FC533AFF}.Release|Any CPU.Build.0 = Release|Any CPU
		{FD0A87CD-738C-4C79-0A6B-D0BE7197D1BB}.Debug|Any CPU.ActiveCfg = Debug|Any CPU
		{FD0A87CD-738C-4C79-0A6B-D0BE7197D1BB}.Debug|Any CPU.Build.0 = Debug|Any CPU
		{FD0A87CD-738C-4C79-0A6B-D0BE7197D1BB}.Release|Any CPU.ActiveCfg = Release|Any CPU
		{FD0A87CD-738C-4C79-0A6B-D0BE7197D1BB}.Release|Any CPU.Build.0 = Release|Any CPU
		{24F866CF-A08D-BDB3-5314-EA8D7CDEFDCA}.Debug|Any CPU.ActiveCfg = Debug|Any CPU
		{24F866CF-A08D-BDB3-5314-EA8D7CDEFDCA}.Debug|Any CPU.Build.0 = Debug|Any CPU
		{24F866CF-A08D-BDB3-5314-EA8D7CDEFDCA}.Release|Any CPU.ActiveCfg = Release|Any CPU
		{24F866CF-A08D-BDB3-5314-EA8D7CDEFDCA}.Release|Any CPU.Build.0 = Release|Any CPU
		{9B445E77-3705-4448-0A52-59C211FB0C1F}.Debug|Any CPU.ActiveCfg = Debug|Any CPU
		{9B445E77-3705-4448-0A52-59C211FB0C1F}.Debug|Any CPU.Build.0 = Debug|Any CPU
		{9B445E77-3705-4448-0A52-59C211FB0C1F}.Release|Any CPU.ActiveCfg = Release|Any CPU
		{9B445E77-3705-4448-0A52-59C211FB0C1F}.Release|Any CPU.Build.0 = Release|Any CPU
	EndGlobalSection
	GlobalSection(SolutionProperties) = preSolution
		HideSolutionNode = FALSE
	EndGlobalSection
EndGlobal
